
Microsoft Visual Studio Solution File, Format Version 12.00
# Visual Studio Version 17
VisualStudioVersion = 17.14.36623.8 d17.14
MinimumVisualStudioVersion = 10.0.40219.1
Project("{FAE04EC0-301F-11D3-BF4B-00C04F79EFBC}") = "FileManager", "FileManager\FileManager.csproj", "{F1D75567-A35C-4C68-AD51-886D525DB267}"
EndProject
Global
	GlobalSection(SolutionConfigurationPlatforms) = preSolution
		Debug|Any CPU = Debug|Any CPU
		Release|Any CPU = Release|Any CPU
	EndGlobalSection
	GlobalSection(ProjectConfigurationPlatforms) = postSolution
		{F1D75567-A35C-4C68-AD51-886D525DB267}.Debug|Any CPU.ActiveCfg = Debug|Any CPU
		{F1D75567-A35C-4C68-AD51-886D525DB267}.Debug|Any CPU.Build.0 = Debug|Any CPU
		{F1D75567-A35C-4C68-AD51-886D525DB267}.Release|Any CPU.ActiveCfg = Release|Any CPU
		{F1D75567-A35C-4C68-AD51-886D525DB267}.Release|Any CPU.Build.0 = Release|Any CPU
	EndGlobalSection
	GlobalSection(SolutionProperties) = preSolution
		HideSolutionNode = FALSE
	EndGlobalSection
	GlobalSection(ExtensibilityGlobals) = postSolution
		SolutionGuid = {6D7C88CA-6955-48EC-9970-C061D40FCAEB}
	EndGlobalSection
EndGlobal
